# This file is autogenerated, do not edit; changes may be undone by the next 'dep ensure'.


[[projects]]
  branch = "master"
  digest = "1:0737009791ac3d7eaab484d65f23c199a39f84cd380a9bca021dd2702f604c05"
  name = "github.com/botless/slack"
  packages = ["pkg/events"]
  pruneopts = "UT"
  revision = "0589800bb064e9fa00d46896f305a6bd2e1816f8"

[[projects]]
  digest = "1:ffe9824d294da03b391f44e1ae8281281b4afc1bdaa9588c9097785e3af10cec"
  name = "github.com/davecgh/go-spew"
  packages = ["spew"]
  pruneopts = "UT"
  revision = "8991bc29aa16c548c550c7ff78260e27b9ab7c73"
  version = "v1.1.1"

[[projects]]
  digest = "1:236d7e1bdb50d8f68559af37dbcf9d142d56b431c9b2176d41e2a009b664cda8"
  name = "github.com/google/uuid"
  packages = ["."]
  pruneopts = "UT"
  revision = "9b3b1e0f5f99ae461456d768e7d301a7acdaa2d8"
  version = "v1.1.0"

[[projects]]
  digest = "1:edbef42561faa44c19129b68d1e109fbc1647f63239250391eadc8d0e7c9f669"
  name = "github.com/kelseyhightower/envconfig"
  packages = ["."]
  pruneopts = "UT"
  revision = "f611eb38b3875cc3bd991ca91c51d06446afa14c"
  version = "v1.3.0"

[[projects]]
  branch = "master"
  digest = "1:50d75525b82c903d8fb9883ff249884ad1f70fe191adc188bd4bf22a9581aa1b"
  name = "github.com/knative/pkg"
  packages = ["cloudevents"]
  pruneopts = "UT"
  revision = "18a6804326211abcff549e2413e8c1729261af01"

[solve-meta]
  analyzer-name = "dep"
  analyzer-version = 1
  input-imports = [
    "github.com/botless/slack/pkg/events",
    "github.com/kelseyhightower/envconfig",
    "github.com/knative/pkg/cloudevents",
  ]
  solver-name = "gps-cdcl"
  solver-version = 1
